
Microsoft Visual Studio Solution File, Format Version 12.00
# Visual Studio 14
VisualStudioVersion = 14.0.25123.0
MinimumVisualStudioVersion = 10.0.40219.1
Project("{FAE04EC0-301F-11D3-BF4B-00C04F79EFBC}") = "Onwo", "Onwo\Onwo.csproj", "{A89453B4-4CCA-4581-B452-76C1520F37B0}"
EndProject
Project("{FAE04EC0-301F-11D3-BF4B-00C04F79EFBC}") = "OnwoTests", "OnwoTests\OnwoTests.csproj", "{B2538113-F68D-41D5-9C5A-42D518FC595D}"
EndProject
Global
	GlobalSection(SolutionConfigurationPlatforms) = preSolution
		Debug|Any CPU = Debug|Any CPU
		Release|Any CPU = Release|Any CPU
	EndGlobalSection
	GlobalSection(ProjectConfigurationPlatforms) = postSolution
		{A89453B4-4CCA-4581-B452-76C1520F37B0}.Debug|Any CPU.ActiveCfg = Debug|Any CPU
		{A89453B4-4CCA-4581-B452-76C1520F37B0}.Debug|Any CPU.Build.0 = Debug|Any CPU
		{A89453B4-4CCA-4581-B452-76C1520F37B0}.Release|Any CPU.ActiveCfg = Release|Any CPU
		{A89453B4-4CCA-4581-B452-76C1520F37B0}.Release|Any CPU.Build.0 = Release|Any CPU
		{B2538113-F68D-41D5-9C5A-42D518FC595D}.Debug|Any CPU.ActiveCfg = Debug|Any CPU
		{B2538113-F68D-41D5-9C5A-42D518FC595D}.Debug|Any CPU.Build.0 = Debug|Any CPU
		{B2538113-F68D-41D5-9C5A-42D518FC595D}.Release|Any CPU.ActiveCfg = Release|Any CPU
		{B2538113-F68D-41D5-9C5A-42D518FC595D}.Release|Any CPU.Build.0 = Release|Any CPU
	EndGlobalSection
	GlobalSection(SolutionProperties) = preSolution
		HideSolutionNode = FALSE
	EndGlobalSection
EndGlobal
